
Microsoft Visual Studio Solution File, Format Version 12.00
# Visual Studio 2013
VisualStudioVersion = 12.0.30110.0
MinimumVisualStudioVersion = 10.0.40219.1
Project("{2150E333-8FDC-42A3-9474-1A3956D46DE8}") = "Solution Items", "Solution Items", "{68FF71C6-2183-4B0A-93D5-E37E6087BF40}"
EndProject
Project("{FAE04EC0-301F-11D3-BF4B-00C04F79EFBC}") = "BBQ", "BBQClient\BBQ\BBQ.csproj", "{184C872D-0003-4A6F-AD8F-B99A22506FD5}"
EndProject
Project("{FAE04EC0-301F-11D3-BF4B-00C04F79EFBC}") = "BBQServ", "BBQServ\BBQServ\BBQServ.csproj", "{7CD2E22B-6FB5-4608-B5B0-67767E71F52D}"
EndProject
Global
	GlobalSection(SolutionConfigurationPlatforms) = preSolution
		Debug|x86 = Debug|x86
		Release|x86 = Release|x86
	EndGlobalSection
	GlobalSection(ProjectConfigurationPlatforms) = postSolution
		{184C872D-0003-4A6F-AD8F-B99A22506FD5}.Debug|x86.ActiveCfg = Debug|x86
		{184C872D-0003-4A6F-AD8F-B99A22506FD5}.Debug|x86.Build.0 = Debug|x86
		{184C872D-0003-4A6F-AD8F-B99A22506FD5}.Release|x86.ActiveCfg = Release|x86
		{184C872D-0003-4A6F-AD8F-B99A22506FD5}.Release|x86.Build.0 = Release|x86
		{7CD2E22B-6FB5-4608-B5B0-67767E71F52D}.Debug|x86.ActiveCfg = Debug|x86
		{7CD2E22B-6FB5-4608-B5B0-67767E71F52D}.Debug|x86.Build.0 = Debug|x86
		{7CD2E22B-6FB5-4608-B5B0-67767E71F52D}.Release|x86.ActiveCfg = Release|x86
		{7CD2E22B-6FB5-4608-B5B0-67767E71F52D}.Release|x86.Build.0 = Release|x86
	EndGlobalSection
	GlobalSection(SolutionProperties) = preSolution
		HideSolutionNode = FALSE
	EndGlobalSection
EndGlobal
